
Microsoft Visual Studio Solution File, Format Version 12.00
# Visual Studio Version 17
VisualStudioVersion = 17.8.34112.27
MinimumVisualStudioVersion = 10.0.40219.1
Project("{8BC9CEB8-8B4A-11D0-8D11-00A0C91BC942}") = "2DFrameWork", "2DFrameWork\2DFrameWork.vcxproj", "{C2138BC9-A195-455F-91A6-5FF469EB5E61}"
EndProject
Project("{2150E333-8FDC-42A3-9474-1A3956D46DE8}") = "Shaders", "Shaders", "{E3F02C0D-0DAD-4181-A968-85F48C12D251}"
	ProjectSection(SolutionItems) = preProject
		Shaders\0.Cube.hlsl = Shaders\0.Cube.hlsl
		Shaders\0.Sky.hlsl = Shaders\0.Sky.hlsl
		Shaders\0.SkySphere.hlsl = Shaders\0.SkySphere.hlsl
		Shaders\0.SkySphere_CR.hlsl = Shaders\0.SkySphere_CR.hlsl
		Shaders\0.Sky_CR.hlsl = Shaders\0.Sky_CR.hlsl
		Shaders\1.Collider.hlsl = Shaders\1.Collider.hlsl
		Shaders\1.Cube.hlsl = Shaders\1.Cube.hlsl
		Shaders\2.Cube.hlsl = Shaders\2.Cube.hlsl
		Shaders\2.Instance.hlsl = Shaders\2.Instance.hlsl
		Shaders\3.Cube.hlsl = Shaders\3.Cube.hlsl
		Shaders\4.Cube.hlsl = Shaders\4.Cube.hlsl
		Shaders\4.Instance.hlsl = Shaders\4.Instance.hlsl
		Shaders\4.Instance_CR.hlsl = Shaders\4.Instance_CR.hlsl
		Shaders\4.Instance_Shadow.hlsl = Shaders\4.Instance_Shadow.hlsl
		Shaders\4.Instance_Water.hlsl = Shaders\4.Instance_Water.hlsl
		Shaders\4.Water.hlsl = Shaders\4.Water.hlsl
		Shaders\5.Cube.hlsl = Shaders\5.Cube.hlsl
		Shaders\5.Cube_CR.hlsl = Shaders\5.Cube_CR.hlsl
		Shaders\5.Cube_Shadow.hlsl = Shaders\5.Cube_Shadow.hlsl
		Shaders\5.Cube_Water.hlsl = Shaders\5.Cube_Water.hlsl
		Shaders\5.MapEditor.hlsl = Shaders\5.MapEditor.hlsl
		Shaders\6.colorUI.hlsl = Shaders\6.colorUI.hlsl
		Shaders\6.Cube.hlsl = Shaders\6.Cube.hlsl
		Shaders\6.PostEffect.hlsl = Shaders\6.PostEffect.hlsl
		Shaders\6.Scattering.hlsl = Shaders\6.Scattering.hlsl
		Shaders\6.ScatteringTarget.hlsl = Shaders\6.ScatteringTarget.hlsl
		Shaders\6.Trail.hlsl = Shaders\6.Trail.hlsl
		Shaders\6.UI.hlsl = Shaders\6.UI.hlsl
		Shaders\7.Billboard.hlsl = Shaders\7.Billboard.hlsl
		Shaders\7.Billboard2.hlsl = Shaders\7.Billboard2.hlsl
		Shaders\7.Rain.hlsl = Shaders\7.Rain.hlsl
		Shaders\8.Pop.hlsl = Shaders\8.Pop.hlsl
		Shaders\Common.hlsl = Shaders\Common.hlsl
		Shaders\ComputeShader.hlsl = Shaders\ComputeShader.hlsl
		Shaders\MiniMap.hlsl = Shaders\MiniMap.hlsl
		Shaders\PerlinNoise.hlsl = Shaders\PerlinNoise.hlsl
	EndProjectSection
EndProject
Project("{2150E333-8FDC-42A3-9474-1A3956D46DE8}") = "Images", "Images", "{23927E1A-8E5E-46EE-82F6-D613BF3CD580}"
EndProject
Project("{8BC9CEB8-8B4A-11D0-8D11-00A0C91BC942}") = "MapTool", "MapTool\MapTool.vcxproj", "{AA547DFB-B6A2-48EE-B8B0-7B4791B28C6D}"
	ProjectSection(ProjectDependencies) = postProject
		{C2138BC9-A195-455F-91A6-5FF469EB5E61} = {C2138BC9-A195-455F-91A6-5FF469EB5E61}
	EndProjectSection
EndProject
Project("{2150E333-8FDC-42A3-9474-1A3956D46DE8}") = "GameObject", "GameObject", "{2C99B77E-2775-4066-AC03-9062F4F4FC4F}"
	ProjectSection(SolutionItems) = preProject
		Contents\GameObject\Beech.xml = Contents\GameObject\Beech.xml
		Contents\GameObject\BeechHalfLog.xml = Contents\GameObject\BeechHalfLog.xml
		Contents\GameObject\BeechInstance.xml = Contents\GameObject\BeechInstance.xml
		Contents\GameObject\BeechLeafDrop.xml = Contents\GameObject\BeechLeafDrop.xml
		Contents\GameObject\BeechLog.xml = Contents\GameObject\BeechLog.xml
		Contents\GameObject\BeechStump.xml = Contents\GameObject\BeechStump.xml
		Contents\GameObject\Birch.xml = Contents\GameObject\Birch.xml
		Contents\GameObject\Cam.xml = Contents\GameObject\Cam.xml
		Contents\GameObject\DamageText.xml = Contents\GameObject\DamageText.xml
		Contents\GameObject\ElderBeech.xml = Contents\GameObject\ElderBeech.xml
		Contents\GameObject\Feature_Beech.xml = Contents\GameObject\Feature_Beech.xml
		Contents\GameObject\Feature_BeechHalfLog.xml = Contents\GameObject\Feature_BeechHalfLog.xml
		Contents\GameObject\Feature_BeechInstance.xml = Contents\GameObject\Feature_BeechInstance.xml
		Contents\GameObject\Feature_BeechLog.xml = Contents\GameObject\Feature_BeechLog.xml
		Contents\GameObject\Feature_BeechStump.xml = Contents\GameObject\Feature_BeechStump.xml
		Contents\GameObject\Feature_Birch.xml = Contents\GameObject\Feature_Birch.xml
		Contents\GameObject\Feature_GrassGreen.xml = Contents\GameObject\Feature_GrassGreen.xml
		Contents\GameObject\Feature_GrassRedFlower.xml = Contents\GameObject\Feature_GrassRedFlower.xml
		Contents\GameObject\Feature_GrassYellow.xml = Contents\GameObject\Feature_GrassYellow.xml
		Contents\GameObject\Feature_Rock1.xml = Contents\GameObject\Feature_Rock1.xml
		Contents\GameObject\Feature_Rock2.xml = Contents\GameObject\Feature_Rock2.xml
		Contents\GameObject\GrassGreen.xml = Contents\GameObject\GrassGreen.xml
		Contents\GameObject\GrassRedFlower.xml = Contents\GameObject\GrassRedFlower.xml
		Contents\GameObject\GrassYellow.xml = Contents\GameObject\GrassYellow.xml
		Contents\GameObject\Grid.xml = Contents\GameObject\Grid.xml
		Contents\GameObject\Hitbeech.xml = Contents\GameObject\Hitbeech.xml
		Contents\GameObject\hitBlood.xml = Contents\GameObject\hitBlood.xml
		Contents\GameObject\Icon_Club.xml = Contents\GameObject\Icon_Club.xml
		Contents\GameObject\Icon_Empty.xml = Contents\GameObject\Icon_Empty.xml
		Contents\GameObject\Icon_Leather.xml = Contents\GameObject\Icon_Leather.xml
		Contents\GameObject\Icon_Stone.xml = Contents\GameObject\Icon_Stone.xml
		Contents\GameObject\Icon_StoneAxe.xml = Contents\GameObject\Icon_StoneAxe.xml
		Contents\GameObject\Icon_StonePickaxe.xml = Contents\GameObject\Icon_StonePickaxe.xml
		Contents\GameObject\Icon_Woodpile.xml = Contents\GameObject\Icon_Woodpile.xml
		Contents\GameObject\inGameOption.xml = Contents\GameObject\inGameOption.xml
		Contents\GameObject\InvenUI.xml = Contents\GameObject\InvenUI.xml
		Contents\GameObject\Item_Club.xml = Contents\GameObject\Item_Club.xml
		Contents\GameObject\Item_Leather.xml = Contents\GameObject\Item_Leather.xml
		Contents\GameObject\Item_Shield.xml = Contents\GameObject\Item_Shield.xml
		Contents\GameObject\Item_Stone.xml = Contents\GameObject\Item_Stone.xml
		Contents\GameObject\Item_StoneAxe.xml = Contents\GameObject\Item_StoneAxe.xml
		Contents\GameObject\Item_StonePickaxe.xml = Contents\GameObject\Item_StonePickaxe.xml
		Contents\GameObject\Item_Woodpile.xml = Contents\GameObject\Item_Woodpile.xml
		Contents\GameObject\Leather.xml = Contents\GameObject\Leather.xml
		Contents\GameObject\Map.xml = Contents\GameObject\Map.xml
		Contents\GameObject\MapSurface.xml = Contents\GameObject\MapSurface.xml
		Contents\GameObject\Monster_Elder.xml = Contents\GameObject\Monster_Elder.xml
		Contents\GameObject\Monster_Elder_BossStone.xml = Contents\GameObject\Monster_Elder_BossStone.xml
		Contents\GameObject\Monster_Goblin.xml = Contents\GameObject\Monster_Goblin.xml
		Contents\GameObject\Monster_Troll.xml = Contents\GameObject\Monster_Troll.xml
		Contents\GameObject\newSky.xml = Contents\GameObject\newSky.xml
		Contents\GameObject\Particle_Blood.xml = Contents\GameObject\Particle_Blood.xml
		Contents\GameObject\Particle_HitWood.xml = Contents\GameObject\Particle_HitWood.xml
		Contents\GameObject\Particle_WoodHitDust.xml = Contents\GameObject\Particle_WoodHitDust.xml
		Contents\GameObject\Particle_WoodLeafDrop.xml = Contents\GameObject\Particle_WoodLeafDrop.xml
		Contents\GameObject\Player_BackHp.xml = Contents\GameObject\Player_BackHp.xml
		Contents\GameObject\Player_Hp.xml = Contents\GameObject\Player_Hp.xml
		Contents\GameObject\player_iconUI.xml = Contents\GameObject\player_iconUI.xml
		Contents\GameObject\Player_Male.xml = Contents\GameObject\Player_Male.xml
		Contents\GameObject\PostEffect.xml = Contents\GameObject\PostEffect.xml
		Contents\GameObject\Rock1.xml = Contents\GameObject\Rock1.xml
		Contents\GameObject\Rock2.xml = Contents\GameObject\Rock2.xml
		Contents\GameObject\Sky1.xml = Contents\GameObject\Sky1.xml
		Contents\GameObject\Sky2.xml = Contents\GameObject\Sky2.xml
		Contents\GameObject\Sphere.xml = Contents\GameObject\Sphere.xml
		Contents\GameObject\Stone.xml = Contents\GameObject\Stone.xml
		Contents\GameObject\StoneAxe.xml = Contents\GameObject\StoneAxe.xml
		Contents\GameObject\StonePickaxe.xml = Contents\GameObject\StonePickaxe.xml
		Contents\GameObject\SummonSpear.xml = Contents\GameObject\SummonSpear.xml
		Contents\GameObject\Sun.xml = Contents\GameObject\Sun.xml
		Contents\GameObject\Target.xml = Contents\GameObject\Target.xml
		Contents\GameObject\Terrain.xml = Contents\GameObject\Terrain.xml
		Contents\GameObject\Terrain2.xml = Contents\GameObject\Terrain2.xml
		Contents\GameObject\TerrainPerlin.xml = Contents\GameObject\TerrainPerlin.xml
		Contents\GameObject\UI.xml = Contents\GameObject\UI.xml
		Contents\GameObject\UI_Craft.xml = Contents\GameObject\UI_Craft.xml
		Contents\GameObject\UI_Inventory.xml = Contents\GameObject\UI_Inventory.xml
		Contents\GameObject\UI_MiniMap.xml = Contents\GameObject\UI_MiniMap.xml
		Contents\GameObject\UI_Notification.xml = Contents\GameObject\UI_Notification.xml
		Contents\GameObject\UI_Player_Icon.xml = Contents\GameObject\UI_Player_Icon.xml
		Contents\GameObject\UI_TooltipBox.xml = Contents\GameObject\UI_TooltipBox.xml
		Contents\GameObject\Water.xml = Contents\GameObject\Water.xml
		Contents\GameObject\woodHitDust.xml = Contents\GameObject\woodHitDust.xml
		Contents\GameObject\woodImg.xml = Contents\GameObject\woodImg.xml
		Contents\GameObject\woodpile.xml = Contents\GameObject\woodpile.xml
		Contents\GameObject\Workbench.xml = Contents\GameObject\Workbench.xml
	EndProjectSection
EndProject
Project("{8BC9CEB8-8B4A-11D0-8D11-00A0C91BC942}") = "AssetImpoter", "AssetImpoter\AssetImpoter.vcxproj", "{408B5E5E-A44D-47B8-AC78-A324B4051C2D}"
	ProjectSection(ProjectDependencies) = postProject
		{C2138BC9-A195-455F-91A6-5FF469EB5E61} = {C2138BC9-A195-455F-91A6-5FF469EB5E61}
	EndProjectSection
EndProject
Project("{8BC9CEB8-8B4A-11D0-8D11-00A0C91BC942}") = "Valheim", "Valheim\Valheim.vcxproj", "{32757AFE-5B57-41A2-AED7-8F5E693563E3}"
	ProjectSection(ProjectDependencies) = postProject
		{C2138BC9-A195-455F-91A6-5FF469EB5E61} = {C2138BC9-A195-455F-91A6-5FF469EB5E61}
	EndProjectSection
EndProject
Global
	GlobalSection(SolutionConfigurationPlatforms) = preSolution
		Debug|x64 = Debug|x64
		Debug|x86 = Debug|x86
		Release|x64 = Release|x64
		Release|x86 = Release|x86
	EndGlobalSection
	GlobalSection(ProjectConfigurationPlatforms) = postSolution
		{C2138BC9-A195-455F-91A6-5FF469EB5E61}.Debug|x64.ActiveCfg = Debug|x64
		{C2138BC9-A195-455F-91A6-5FF469EB5E61}.Debug|x64.Build.0 = Debug|x64
		{C2138BC9-A195-455F-91A6-5FF469EB5E61}.Debug|x86.ActiveCfg = Debug|Win32
		{C2138BC9-A195-455F-91A6-5FF469EB5E61}.Debug|x86.Build.0 = Debug|Win32
		{C2138BC9-A195-455F-91A6-5FF469EB5E61}.Release|x64.ActiveCfg = Release|x64
		{C2138BC9-A195-455F-91A6-5FF469EB5E61}.Release|x64.Build.0 = Release|x64
		{C2138BC9-A195-455F-91A6-5FF469EB5E61}.Release|x86.ActiveCfg = Release|Win32
		{C2138BC9-A195-455F-91A6-5FF469EB5E61}.Release|x86.Build.0 = Release|Win32
		{AA547DFB-B6A2-48EE-B8B0-7B4791B28C6D}.Debug|x64.ActiveCfg = Debug|x64
		{AA547DFB-B6A2-48EE-B8B0-7B4791B28C6D}.Debug|x64.Build.0 = Debug|x64
		{AA547DFB-B6A2-48EE-B8B0-7B4791B28C6D}.Debug|x86.ActiveCfg = Debug|Win32
		{AA547DFB-B6A2-48EE-B8B0-7B4791B28C6D}.Debug|x86.Build.0 = Debug|Win32
		{AA547DFB-B6A2-48EE-B8B0-7B4791B28C6D}.Release|x64.ActiveCfg = Release|x64
		{AA547DFB-B6A2-48EE-B8B0-7B4791B28C6D}.Release|x64.Build.0 = Release|x64
		{AA547DFB-B6A2-48EE-B8B0-7B4791B28C6D}.Release|x86.ActiveCfg = Release|Win32
		{AA547DFB-B6A2-48EE-B8B0-7B4791B28C6D}.Release|x86.Build.0 = Release|Win32
		{408B5E5E-A44D-47B8-AC78-A324B4051C2D}.Debug|x64.ActiveCfg = Debug|x64
		{408B5E5E-A44D-47B8-AC78-A324B4051C2D}.Debug|x64.Build.0 = Debug|x64
		{408B5E5E-A44D-47B8-AC78-A324B4051C2D}.Debug|x86.ActiveCfg = Debug|Win32
		{408B5E5E-A44D-47B8-AC78-A324B4051C2D}.Debug|x86.Build.0 = Debug|Win32
		{408B5E5E-A44D-47B8-AC78-A324B4051C2D}.Release|x64.ActiveCfg = Release|x64
		{408B5E5E-A44D-47B8-AC78-A324B4051C2D}.Release|x64.Build.0 = Release|x64
		{408B5E5E-A44D-47B8-AC78-A324B4051C2D}.Release|x86.ActiveCfg = Release|Win32
		{408B5E5E-A44D-47B8-AC78-A324B4051C2D}.Release|x86.Build.0 = Release|Win32
		{32757AFE-5B57-41A2-AED7-8F5E693563E3}.Debug|x64.ActiveCfg = Debug|x64
		{32757AFE-5B57-41A2-AED7-8F5E693563E3}.Debug|x64.Build.0 = Debug|x64
		{32757AFE-5B57-41A2-AED7-8F5E693563E3}.Debug|x86.ActiveCfg = Debug|Win32
		{32757AFE-5B57-41A2-AED7-8F5E693563E3}.Debug|x86.Build.0 = Debug|Win32
		{32757AFE-5B57-41A2-AED7-8F5E693563E3}.Release|x64.ActiveCfg = Release|x64
		{32757AFE-5B57-41A2-AED7-8F5E693563E3}.Release|x64.Build.0 = Release|x64
		{32757AFE-5B57-41A2-AED7-8F5E693563E3}.Release|x86.ActiveCfg = Release|Win32
		{32757AFE-5B57-41A2-AED7-8F5E693563E3}.Release|x86.Build.0 = Release|Win32
	EndGlobalSection
	GlobalSection(SolutionProperties) = preSolution
		HideSolutionNode = FALSE
	EndGlobalSection
	GlobalSection(ExtensibilityGlobals) = postSolution
		SolutionGuid = {9E65A645-0ED0-45FC-8214-114C1DE27774}
	EndGlobalSection
EndGlobal
