
Microsoft Visual Studio Solution File, Format Version 12.00
# Visual Studio Version 17
VisualStudioVersion = 17.8.34112.27
MinimumVisualStudioVersion = 10.0.40219.1
Project("{8BC9CEB8-8B4A-11D0-8D11-00A0C91BC942}") = "2DFrameWork", "2DFrameWork\2DFrameWork.vcxproj", "{C2138BC9-A195-455F-91A6-5FF469EB5E61}"
EndProject
Project("{2150E333-8FDC-42A3-9474-1A3956D46DE8}") = "Shaders", "Shaders", "{E3F02C0D-0DAD-4181-A968-85F48C12D251}"
	ProjectSection(SolutionItems) = preProject
		Shaders\0.Cube.hlsl = Shaders\0.Cube.hlsl
		Shaders\0.Sky.hlsl = Shaders\0.Sky.hlsl
		Shaders\0.SkySphere.hlsl = Shaders\0.SkySphere.hlsl
		Shaders\0.SkySphere_CR.hlsl = Shaders\0.SkySphere_CR.hlsl
		Shaders\0.Sky_CR.hlsl = Shaders\0.Sky_CR.hlsl
		Shaders\1.Collider.hlsl = Shaders\1.Collider.hlsl
		Shaders\1.Cube.hlsl = Shaders\1.Cube.hlsl
		Shaders\2.Cube.hlsl = Shaders\2.Cube.hlsl
		Shaders\2.Instance.hlsl = Shaders\2.Instance.hlsl
		Shaders\3.Cube.hlsl = Shaders\3.Cube.hlsl
		Shaders\4.Cube.hlsl = Shaders\4.Cube.hlsl
		Shaders\4.Instance.hlsl = Shaders\4.Instance.hlsl
		Shaders\4.Instance_CR.hlsl = Shaders\4.Instance_CR.hlsl
		Shaders\4.Instance_Shadow.hlsl = Shaders\4.Instance_Shadow.hlsl
		Shaders\4.Instance_Water.hlsl = Shaders\4.Instance_Water.hlsl
		Shaders\4.Water.hlsl = Shaders\4.Water.hlsl
		Shaders\5.Cube.hlsl = Shaders\5.Cube.hlsl
		Shaders\5.Cube_CR.hlsl = Shaders\5.Cube_CR.hlsl
		Shaders\5.Cube_Shadow.hlsl = Shaders\5.Cube_Shadow.hlsl
		Shaders\5.Cube_Water.hlsl = Shaders\5.Cube_Water.hlsl
		Shaders\5.MapEditor.hlsl = Shaders\5.MapEditor.hlsl
		Shaders\6.colorUI.hlsl = Shaders\6.colorUI.hlsl
		Shaders\6.Cube.hlsl = Shaders\6.Cube.hlsl
		Shaders\6.PostEffect.hlsl = Shaders\6.PostEffect.hlsl
		Shaders\6.Trail.hlsl = Shaders\6.Trail.hlsl
		Shaders\6.UI.hlsl = Shaders\6.UI.hlsl
		Shaders\7.Billboard.hlsl = Shaders\7.Billboard.hlsl
		Shaders\7.Rain.hlsl = Shaders\7.Rain.hlsl
		Shaders\Common.hlsl = Shaders\Common.hlsl
		Shaders\ComputeShader.hlsl = Shaders\ComputeShader.hlsl
		Shaders\PerlinNoise.hlsl = Shaders\PerlinNoise.hlsl
	EndProjectSection
EndProject
Project("{2150E333-8FDC-42A3-9474-1A3956D46DE8}") = "Images", "Images", "{23927E1A-8E5E-46EE-82F6-D613BF3CD580}"
	ProjectSection(SolutionItems) = preProject
		Contents\Texture\cloud.png = Contents\Texture\cloud.png
		..\..\..\Downloads\JAL Guys\Contents\Texture\map1_texture12.png = ..\..\..\Downloads\JAL Guys\Contents\Texture\map1_texture12.png
		Contents\Texture\Skin.png = Contents\Texture\Skin.png
	EndProjectSection
EndProject
Project("{8BC9CEB8-8B4A-11D0-8D11-00A0C91BC942}") = "MapTool", "MapTool\MapTool.vcxproj", "{AA547DFB-B6A2-48EE-B8B0-7B4791B28C6D}"
	ProjectSection(ProjectDependencies) = postProject
		{C2138BC9-A195-455F-91A6-5FF469EB5E61} = {C2138BC9-A195-455F-91A6-5FF469EB5E61}
	EndProjectSection
EndProject
Project("{2150E333-8FDC-42A3-9474-1A3956D46DE8}") = "GameObject", "GameObject", "{2C99B77E-2775-4066-AC03-9062F4F4FC4F}"
	ProjectSection(SolutionItems) = preProject
		Contents\GameObject\Beech.xml = Contents\GameObject\Beech.xml
		Contents\GameObject\BeechInstance.xml = Contents\GameObject\BeechInstance.xml
		Contents\GameObject\BeechLog.xml = Contents\GameObject\BeechLog.xml
		Contents\GameObject\BeechStump.xml = Contents\GameObject\BeechStump.xml
		Contents\GameObject\Birch.xml = Contents\GameObject\Birch.xml
		Contents\GameObject\Cam.xml = Contents\GameObject\Cam.xml
		Contents\GameObject\GrassGreen.xml = Contents\GameObject\GrassGreen.xml
		Contents\GameObject\GrassRedFlower.xml = Contents\GameObject\GrassRedFlower.xml
		Contents\GameObject\GrassYellow.xml = Contents\GameObject\GrassYellow.xml
		Contents\GameObject\Grid.xml = Contents\GameObject\Grid.xml
		Contents\GameObject\inGameOption.xml = Contents\GameObject\inGameOption.xml
		Contents\GameObject\InvenUI.xml = Contents\GameObject\InvenUI.xml
		Contents\GameObject\Map.xml = Contents\GameObject\Map.xml
		Contents\GameObject\MapSurface.xml = Contents\GameObject\MapSurface.xml
		Contents\GameObject\Monster_Troll.xml = Contents\GameObject\Monster_Troll.xml
		Contents\GameObject\Player_Male.xml = Contents\GameObject\Player_Male.xml
		Contents\GameObject\PostEffect.xml = Contents\GameObject\PostEffect.xml
		Contents\GameObject\Sky1.xml = Contents\GameObject\Sky1.xml
		Contents\GameObject\Sky2.xml = Contents\GameObject\Sky2.xml
		Contents\GameObject\Sphere.xml = Contents\GameObject\Sphere.xml
		Contents\GameObject\StoneAxe.xml = Contents\GameObject\StoneAxe.xml
		Contents\GameObject\stoneImg.xml = Contents\GameObject\stoneImg.xml
		Contents\GameObject\Sun.xml = Contents\GameObject\Sun.xml
		Contents\GameObject\Target.xml = Contents\GameObject\Target.xml
		Contents\GameObject\Terrain.xml = Contents\GameObject\Terrain.xml
		Contents\GameObject\Terrain2.xml = Contents\GameObject\Terrain2.xml
		Contents\GameObject\TerrainPerlin.xml = Contents\GameObject\TerrainPerlin.xml
		Contents\GameObject\UI.xml = Contents\GameObject\UI.xml
		Contents\GameObject\woodImg.xml = Contents\GameObject\woodImg.xml
		Contents\GameObject\woodpile.xml = Contents\GameObject\woodpile.xml
	EndProjectSection
EndProject
Project("{8BC9CEB8-8B4A-11D0-8D11-00A0C91BC942}") = "AssetImpoter", "AssetImpoter\AssetImpoter.vcxproj", "{408B5E5E-A44D-47B8-AC78-A324B4051C2D}"
	ProjectSection(ProjectDependencies) = postProject
		{C2138BC9-A195-455F-91A6-5FF469EB5E61} = {C2138BC9-A195-455F-91A6-5FF469EB5E61}
	EndProjectSection
EndProject
Project("{8BC9CEB8-8B4A-11D0-8D11-00A0C91BC942}") = "Valheim", "Valheim\Valheim.vcxproj", "{32757AFE-5B57-41A2-AED7-8F5E693563E3}"
	ProjectSection(ProjectDependencies) = postProject
		{C2138BC9-A195-455F-91A6-5FF469EB5E61} = {C2138BC9-A195-455F-91A6-5FF469EB5E61}
	EndProjectSection
EndProject
Global
	GlobalSection(SolutionConfigurationPlatforms) = preSolution
		Debug|x64 = Debug|x64
		Debug|x86 = Debug|x86
		Release|x64 = Release|x64
		Release|x86 = Release|x86
	EndGlobalSection
	GlobalSection(ProjectConfigurationPlatforms) = postSolution
		{C2138BC9-A195-455F-91A6-5FF469EB5E61}.Debug|x64.ActiveCfg = Debug|x64
		{C2138BC9-A195-455F-91A6-5FF469EB5E61}.Debug|x64.Build.0 = Debug|x64
		{C2138BC9-A195-455F-91A6-5FF469EB5E61}.Debug|x86.ActiveCfg = Debug|Win32
		{C2138BC9-A195-455F-91A6-5FF469EB5E61}.Debug|x86.Build.0 = Debug|Win32
		{C2138BC9-A195-455F-91A6-5FF469EB5E61}.Release|x64.ActiveCfg = Release|x64
		{C2138BC9-A195-455F-91A6-5FF469EB5E61}.Release|x64.Build.0 = Release|x64
		{C2138BC9-A195-455F-91A6-5FF469EB5E61}.Release|x86.ActiveCfg = Release|Win32
		{C2138BC9-A195-455F-91A6-5FF469EB5E61}.Release|x86.Build.0 = Release|Win32
		{AA547DFB-B6A2-48EE-B8B0-7B4791B28C6D}.Debug|x64.ActiveCfg = Debug|x64
		{AA547DFB-B6A2-48EE-B8B0-7B4791B28C6D}.Debug|x64.Build.0 = Debug|x64
		{AA547DFB-B6A2-48EE-B8B0-7B4791B28C6D}.Debug|x86.ActiveCfg = Debug|Win32
		{AA547DFB-B6A2-48EE-B8B0-7B4791B28C6D}.Debug|x86.Build.0 = Debug|Win32
		{AA547DFB-B6A2-48EE-B8B0-7B4791B28C6D}.Release|x64.ActiveCfg = Release|x64
		{AA547DFB-B6A2-48EE-B8B0-7B4791B28C6D}.Release|x64.Build.0 = Release|x64
		{AA547DFB-B6A2-48EE-B8B0-7B4791B28C6D}.Release|x86.ActiveCfg = Release|Win32
		{AA547DFB-B6A2-48EE-B8B0-7B4791B28C6D}.Release|x86.Build.0 = Release|Win32
		{408B5E5E-A44D-47B8-AC78-A324B4051C2D}.Debug|x64.ActiveCfg = Debug|x64
		{408B5E5E-A44D-47B8-AC78-A324B4051C2D}.Debug|x64.Build.0 = Debug|x64
		{408B5E5E-A44D-47B8-AC78-A324B4051C2D}.Debug|x86.ActiveCfg = Debug|Win32
		{408B5E5E-A44D-47B8-AC78-A324B4051C2D}.Debug|x86.Build.0 = Debug|Win32
		{408B5E5E-A44D-47B8-AC78-A324B4051C2D}.Release|x64.ActiveCfg = Release|x64
		{408B5E5E-A44D-47B8-AC78-A324B4051C2D}.Release|x64.Build.0 = Release|x64
		{408B5E5E-A44D-47B8-AC78-A324B4051C2D}.Release|x86.ActiveCfg = Release|Win32
		{408B5E5E-A44D-47B8-AC78-A324B4051C2D}.Release|x86.Build.0 = Release|Win32
		{32757AFE-5B57-41A2-AED7-8F5E693563E3}.Debug|x64.ActiveCfg = Debug|x64
		{32757AFE-5B57-41A2-AED7-8F5E693563E3}.Debug|x64.Build.0 = Debug|x64
		{32757AFE-5B57-41A2-AED7-8F5E693563E3}.Debug|x86.ActiveCfg = Debug|Win32
		{32757AFE-5B57-41A2-AED7-8F5E693563E3}.Debug|x86.Build.0 = Debug|Win32
		{32757AFE-5B57-41A2-AED7-8F5E693563E3}.Release|x64.ActiveCfg = Release|x64
		{32757AFE-5B57-41A2-AED7-8F5E693563E3}.Release|x64.Build.0 = Release|x64
		{32757AFE-5B57-41A2-AED7-8F5E693563E3}.Release|x86.ActiveCfg = Release|Win32
		{32757AFE-5B57-41A2-AED7-8F5E693563E3}.Release|x86.Build.0 = Release|Win32
	EndGlobalSection
	GlobalSection(SolutionProperties) = preSolution
		HideSolutionNode = FALSE
	EndGlobalSection
	GlobalSection(ExtensibilityGlobals) = postSolution
		SolutionGuid = {9E65A645-0ED0-45FC-8214-114C1DE27774}
	EndGlobalSection
EndGlobal
