<?xml version="1.0" encoding="utf-8"?>
<Project ToolsVersion="4.0" xmlns="http://schemas.microsoft.com/developer/msbuild/2003">
  <ItemGroup>
    <ClInclude Include="Main.h" />
    <ClInclude Include="stdafx.h" />
    <ClInclude Include="Prototype.h">
      <Filter>GameObject</Filter>
    </ClInclude>
    <ClInclude Include="InGame.h">
      <Filter>Scene</Filter>
    </ClInclude>
    <ClInclude Include="GameManager.h">
      <Filter>Managers</Filter>
    </ClInclude>
    <ClInclude Include="ObjectManager.h">
      <Filter>Managers</Filter>
    </ClInclude>
    <ClInclude Include="Beech.h">
      <Filter>GameObject\Terrain Features</Filter>
    </ClInclude>
    <ClInclude Include="BeechLog.h">
      <Filter>GameObject\Terrain Features</Filter>
    </ClInclude>
    <ClInclude Include="FeatureProto.h">
      <Filter>GameObject\Terrain Features</Filter>
    </ClInclude>
    <ClInclude Include="BeechHalfLog.h">
      <Filter>GameObject\Terrain Features</Filter>
    </ClInclude>
    <ClInclude Include="Grass.h">
      <Filter>GameObject\Terrain Features</Filter>
    </ClInclude>
    <ClInclude Include="BeechStump.h">
      <Filter>GameObject\Terrain Features</Filter>
    </ClInclude>
    <ClInclude Include="Birch.h">
      <Filter>GameObject\Terrain Features</Filter>
    </ClInclude>
    <ClInclude Include="ItemProto.h">
      <Filter>GameObject\Items</Filter>
    </ClInclude>
    <ClInclude Include="StoneAxe.h">
      <Filter>GameObject\Items\Weapon</Filter>
    </ClInclude>
    <ClInclude Include="Unit.h">
      <Filter>GameObject\Unit</Filter>
    </ClInclude>
    <ClInclude Include="Woodpile.h">
      <Filter>GameObject\Items\Material</Filter>
    </ClInclude>
    <ClInclude Include="Workbench.h">
      <Filter>GameObject\Building Structures</Filter>
    </ClInclude>
    <ClInclude Include="StructureProto.h">
      <Filter>GameObject\Building Structures</Filter>
    </ClInclude>
    <ClInclude Include="Stone.h">
      <Filter>GameObject\Items\Material</Filter>
    </ClInclude>
    <ClInclude Include="ParticleManager.h">
      <Filter>Managers</Filter>
    </ClInclude>
    <ClInclude Include="Rock.h">
      <Filter>GameObject\Terrain Features</Filter>
    </ClInclude>
    <ClInclude Include="Leather.h">
      <Filter>GameObject\Items\Material</Filter>
    </ClInclude>
    <ClInclude Include="StonePickaxe.h">
      <Filter>GameObject\Items\Weapon</Filter>
    </ClInclude>
    <ClInclude Include="WorldTimeManager.h">
      <Filter>Managers</Filter>
    </ClInclude>
    <ClInclude Include="Club.h">
      <Filter>GameObject\Items\Weapon</Filter>
    </ClInclude>
    <ClInclude Include="UserInterfaceManager.h">
      <Filter>Managers</Filter>
    </ClInclude>
    <ClInclude Include="Recipe.h">
      <Filter>System</Filter>
    </ClInclude>
    <ClInclude Include="Craft.h">
      <Filter>UI</Filter>
    </ClInclude>
    <ClInclude Include="Notification.h">
      <Filter>UI</Filter>
    </ClInclude>
    <ClInclude Include="MiniMap.h">
      <Filter>UI</Filter>
    </ClInclude>
    <ClInclude Include="Inventory.h">
      <Filter>UI</Filter>
    </ClInclude>
    <ClInclude Include="Elder.h">
      <Filter>GameObject\Unit\Elder</Filter>
    </ClInclude>
    <ClInclude Include="ElderPatern.h">
      <Filter>GameObject\Unit\Elder</Filter>
    </ClInclude>
    <ClInclude Include="ElderState.h">
      <Filter>GameObject\Unit\Elder</Filter>
    </ClInclude>
    <ClInclude Include="Player.h">
      <Filter>GameObject\Unit\Player</Filter>
    </ClInclude>
    <ClInclude Include="PlayerState.h">
      <Filter>GameObject\Unit\Player</Filter>
    </ClInclude>
    <ClInclude Include="Goblin.h">
      <Filter>GameObject\Unit\Goblin</Filter>
    </ClInclude>
    <ClInclude Include="GoblinState.h">
      <Filter>GameObject\Unit\Goblin</Filter>
    </ClInclude>
    <ClInclude Include="DamageText.h">
      <Filter>UI</Filter>
    </ClInclude>
  </ItemGroup>
  <ItemGroup>
    <ClCompile Include="Main.cpp" />
    <ClCompile Include="InGame.cpp">
      <Filter>Scene</Filter>
    </ClCompile>
    <ClCompile Include="GameManager.cpp">
      <Filter>Managers</Filter>
    </ClCompile>
    <ClCompile Include="ObjectManager.cpp">
      <Filter>Managers</Filter>
    </ClCompile>
    <ClCompile Include="Beech.cpp">
      <Filter>GameObject\Terrain Features</Filter>
    </ClCompile>
    <ClCompile Include="BeechLog.cpp">
      <Filter>GameObject\Terrain Features</Filter>
    </ClCompile>
    <ClCompile Include="FeatureProto.cpp">
      <Filter>GameObject\Terrain Features</Filter>
    </ClCompile>
    <ClCompile Include="BeechHalfLog.cpp">
      <Filter>GameObject\Terrain Features</Filter>
    </ClCompile>
    <ClCompile Include="Grass.cpp">
      <Filter>GameObject\Terrain Features</Filter>
    </ClCompile>
    <ClCompile Include="BeechStump.cpp">
      <Filter>GameObject\Terrain Features</Filter>
    </ClCompile>
    <ClCompile Include="Birch.cpp">
      <Filter>GameObject\Terrain Features</Filter>
    </ClCompile>
    <ClCompile Include="ItemProto.cpp">
      <Filter>GameObject\Items</Filter>
    </ClCompile>
    <ClCompile Include="StoneAxe.cpp">
      <Filter>GameObject\Items\Weapon</Filter>
    </ClCompile>
    <ClCompile Include="Unit.cpp">
      <Filter>GameObject\Unit</Filter>
    </ClCompile>
    <ClCompile Include="Woodpile.cpp">
      <Filter>GameObject\Items\Material</Filter>
    </ClCompile>
    <ClCompile Include="Workbench.cpp">
      <Filter>GameObject\Building Structures</Filter>
    </ClCompile>
    <ClCompile Include="StructureProto.cpp">
      <Filter>GameObject\Building Structures</Filter>
    </ClCompile>
    <ClCompile Include="Stone.cpp">
      <Filter>GameObject\Items\Material</Filter>
    </ClCompile>
    <ClCompile Include="ParticleManager.cpp">
      <Filter>Managers</Filter>
    </ClCompile>
    <ClCompile Include="Rock.cpp">
      <Filter>GameObject\Terrain Features</Filter>
    </ClCompile>
    <ClCompile Include="Leather.cpp">
      <Filter>GameObject\Items\Material</Filter>
    </ClCompile>
    <ClCompile Include="StonePickaxe.cpp">
      <Filter>GameObject\Items\Weapon</Filter>
    </ClCompile>
    <ClCompile Include="WorldTimeManager.cpp">
      <Filter>Managers</Filter>
    </ClCompile>
    <ClCompile Include="Club.cpp">
      <Filter>GameObject\Items\Weapon</Filter>
    </ClCompile>
    <ClCompile Include="UserInterfaceManager.cpp">
      <Filter>Managers</Filter>
    </ClCompile>
    <ClCompile Include="Recipe.cpp">
      <Filter>System</Filter>
    </ClCompile>
    <ClCompile Include="Craft.cpp">
      <Filter>UI</Filter>
    </ClCompile>
    <ClCompile Include="Notification.cpp">
      <Filter>UI</Filter>
    </ClCompile>
    <ClCompile Include="MiniMap.cpp">
      <Filter>UI</Filter>
    </ClCompile>
    <ClCompile Include="Inventory.cpp">
      <Filter>UI</Filter>
    </ClCompile>
    <ClCompile Include="Elder.cpp">
      <Filter>GameObject\Unit\Elder</Filter>
    </ClCompile>
    <ClCompile Include="ElderPatern.cpp">
      <Filter>GameObject\Unit\Elder</Filter>
    </ClCompile>
    <ClCompile Include="ElderState.cpp">
      <Filter>GameObject\Unit\Elder</Filter>
    </ClCompile>
    <ClCompile Include="Player.cpp">
      <Filter>GameObject\Unit\Player</Filter>
    </ClCompile>
    <ClCompile Include="PlayerState.cpp">
      <Filter>GameObject\Unit\Player</Filter>
    </ClCompile>
    <ClCompile Include="Goblin.cpp">
      <Filter>GameObject\Unit\Goblin</Filter>
    </ClCompile>
    <ClCompile Include="GoblinState.cpp">
      <Filter>GameObject\Unit\Goblin</Filter>
    </ClCompile>
    <ClCompile Include="DamageText.cpp">
      <Filter>UI</Filter>
    </ClCompile>
  </ItemGroup>
  <ItemGroup>
    <Filter Include="GameObject">
      <UniqueIdentifier>{355ff697-d03c-4bdd-bdae-32eee4c60bf3}</UniqueIdentifier>
    </Filter>
    <Filter Include="Scene">
      <UniqueIdentifier>{e0c428c6-0d94-4784-bb3a-59d8180b610b}</UniqueIdentifier>
    </Filter>
    <Filter Include="Managers">
      <UniqueIdentifier>{324d54cc-7540-4438-9bed-1b0d48497f74}</UniqueIdentifier>
    </Filter>
    <Filter Include="GameObject\Terrain Features">
      <UniqueIdentifier>{997c8266-dbe6-47bd-a153-8022c73e54f6}</UniqueIdentifier>
    </Filter>
    <Filter Include="GameObject\Unit">
      <UniqueIdentifier>{3a7f72d0-fc55-4130-807b-f84f281d8a08}</UniqueIdentifier>
    </Filter>
    <Filter Include="GameObject\Items">
      <UniqueIdentifier>{e670c14f-c70d-4c20-bb7c-5f60e3432047}</UniqueIdentifier>
    </Filter>
    <Filter Include="GameObject\Items\Weapon">
      <UniqueIdentifier>{2e9fc1ef-8119-4a60-ae2d-32b262ccfb35}</UniqueIdentifier>
    </Filter>
    <Filter Include="GameObject\Items\Material">
      <UniqueIdentifier>{f0676c0a-aa33-4121-b7e8-5f6095da14e0}</UniqueIdentifier>
    </Filter>
    <Filter Include="GameObject\Building Structures">
      <UniqueIdentifier>{2c8f386a-6c46-4778-b890-066b13e84316}</UniqueIdentifier>
    </Filter>
    <Filter Include="UI">
      <UniqueIdentifier>{548dfbc6-0fab-47df-9917-5f622b3291f2}</UniqueIdentifier>
    </Filter>
    <Filter Include="System">
      <UniqueIdentifier>{764bce8e-0a20-4e36-8220-169378c0ab44}</UniqueIdentifier>
    </Filter>
    <Filter Include="GameObject\Unit\Elder">
      <UniqueIdentifier>{a8db61c3-017f-4fe9-b083-276ad9e8b872}</UniqueIdentifier>
    </Filter>
    <Filter Include="GameObject\Unit\Player">
      <UniqueIdentifier>{e17f4990-b921-45ef-a0c5-e07a7f81fe95}</UniqueIdentifier>
    </Filter>
    <Filter Include="GameObject\Unit\Goblin">
      <UniqueIdentifier>{59a2af52-f892-4412-b4ed-7da96a9da438}</UniqueIdentifier>
    </Filter>
  </ItemGroup>
  <ItemGroup>
    <None Include="imgui.ini" />
    <None Include="window.ini" />
  </ItemGroup>
</Project>