<?xml version="1.0" encoding="utf-8"?>
<Project ToolsVersion="4.0" xmlns="http://schemas.microsoft.com/developer/msbuild/2003">
  <ItemGroup>
    <ClInclude Include="Main.h" />
    <ClInclude Include="stdafx.h" />
    <ClInclude Include="Prototype.h">
      <Filter>GameObject</Filter>
    </ClInclude>
    <ClInclude Include="InGame.h">
      <Filter>Scene</Filter>
    </ClInclude>
    <ClInclude Include="Item.h">
      <Filter>ItemAndInventory</Filter>
    </ClInclude>
    <ClInclude Include="Inventory.h">
      <Filter>ItemAndInventory</Filter>
    </ClInclude>
    <ClInclude Include="InventoryUiPannel.h">
      <Filter>ItemAndInventory\ItemUIManager</Filter>
    </ClInclude>
    <ClInclude Include="ResourceItem.h">
      <Filter>ItemAndInventory</Filter>
    </ClInclude>
    <ClInclude Include="LivingItem.h">
      <Filter>ItemAndInventory</Filter>
    </ClInclude>
    <ClInclude Include="ConsumeItem.h">
      <Filter>ItemAndInventory</Filter>
    </ClInclude>
    <ClInclude Include="BattleItem.h">
      <Filter>ItemAndInventory</Filter>
    </ClInclude>
    <ClInclude Include="StoneAxe.h">
      <Filter>ItemAndInventory\BattleItemList</Filter>
    </ClInclude>
    <ClInclude Include="Player.h">
      <Filter>GameObject</Filter>
    </ClInclude>
    <ClInclude Include="TreeBeech.h">
      <Filter>GameObject</Filter>
    </ClInclude>
    <ClInclude Include="GameOption.h">
      <Filter>GameOptionUI</Filter>
    </ClInclude>
    <ClInclude Include="PlayerState.h">
      <Filter>GameObject</Filter>
    </ClInclude>
    <ClInclude Include="GameManager.h">
      <Filter>Managers</Filter>
    </ClInclude>
    <ClInclude Include="ObjectManager.h">
      <Filter>Managers</Filter>
    </ClInclude>
    <ClInclude Include="Grass.h">
      <Filter>GameObject</Filter>
    </ClInclude>
  </ItemGroup>
  <ItemGroup>
    <ClCompile Include="Main.cpp" />
    <ClCompile Include="InGame.cpp">
      <Filter>Scene</Filter>
    </ClCompile>
    <ClCompile Include="Inventory.cpp">
      <Filter>ItemAndInventory</Filter>
    </ClCompile>
    <ClCompile Include="InventoryUiPannel.cpp">
      <Filter>ItemAndInventory\ItemUIManager</Filter>
    </ClCompile>
    <ClCompile Include="ResourceItem.cpp">
      <Filter>ItemAndInventory</Filter>
    </ClCompile>
    <ClCompile Include="LivingItem.cpp">
      <Filter>ItemAndInventory</Filter>
    </ClCompile>
    <ClCompile Include="ConsumeItem.cpp">
      <Filter>ItemAndInventory</Filter>
    </ClCompile>
    <ClCompile Include="BattleItem.cpp">
      <Filter>ItemAndInventory</Filter>
    </ClCompile>
    <ClCompile Include="StoneAxe.cpp">
      <Filter>ItemAndInventory\BattleItemList</Filter>
    </ClCompile>
    <ClCompile Include="Player.cpp">
      <Filter>GameObject</Filter>
    </ClCompile>
    <ClCompile Include="TreeBeech.cpp">
      <Filter>GameObject</Filter>
    </ClCompile>
    <ClCompile Include="GameOption.cpp">
      <Filter>GameOptionUI</Filter>
    </ClCompile>
    <ClCompile Include="PlayerState.cpp">
      <Filter>GameObject</Filter>
    </ClCompile>
    <ClCompile Include="GameManager.cpp">
      <Filter>Managers</Filter>
    </ClCompile>
    <ClCompile Include="ObjectManager.cpp">
      <Filter>Managers</Filter>
    </ClCompile>
    <ClCompile Include="Grass.cpp">
      <Filter>GameObject</Filter>
    </ClCompile>
  </ItemGroup>
  <ItemGroup>
    <Filter Include="GameObject">
      <UniqueIdentifier>{355ff697-d03c-4bdd-bdae-32eee4c60bf3}</UniqueIdentifier>
    </Filter>
    <Filter Include="Scene">
      <UniqueIdentifier>{e0c428c6-0d94-4784-bb3a-59d8180b610b}</UniqueIdentifier>
    </Filter>
    <Filter Include="ItemAndInventory">
      <UniqueIdentifier>{3ee8e1de-a3f0-4fb1-9a17-0d3a974336b8}</UniqueIdentifier>
    </Filter>
    <Filter Include="ItemAndInventory\BattleItemList">
      <UniqueIdentifier>{738591d3-71c6-4a96-9847-556cf20d0267}</UniqueIdentifier>
    </Filter>
    <Filter Include="ItemAndInventory\ConsumeItemList">
      <UniqueIdentifier>{4574d7a5-40cd-4c0a-aa33-ec925f2aa3e4}</UniqueIdentifier>
    </Filter>
    <Filter Include="ItemAndInventory\LivingItemList">
      <UniqueIdentifier>{934d54a8-9841-4ecb-8166-567f7b25895a}</UniqueIdentifier>
    </Filter>
    <Filter Include="ItemAndInventory\ResourceItemList">
      <UniqueIdentifier>{0714caec-5cb6-4ec7-9ecb-0e4313ace475}</UniqueIdentifier>
    </Filter>
    <Filter Include="ItemAndInventory\ItemUIManager">
      <UniqueIdentifier>{a5c33e5b-020e-4933-890a-f0c6fe50e8f6}</UniqueIdentifier>
    </Filter>
    <Filter Include="GameOptionUI">
      <UniqueIdentifier>{1eef0c43-786d-4a1f-946b-0d058502bf26}</UniqueIdentifier>
    </Filter>
    <Filter Include="Managers">
      <UniqueIdentifier>{324d54cc-7540-4438-9bed-1b0d48497f74}</UniqueIdentifier>
    </Filter>
  </ItemGroup>
  <ItemGroup>
    <None Include="imgui.ini" />
    <None Include="window.ini" />
  </ItemGroup>
</Project>